// !$*UTF8*$!
{
	archiveVersion = 1;
	classes = {
	};
	objectVersion = 46;
	objects = {

/* Begin PBXBuildFile section */
		5B3BBEE81C3377F6000D1605 /* main.cpp in Sources */ = {isa = PBXBuildFile; fileRef = 5B3BBEE71C3377F6000D1605 /* main.cpp */; };
		5BBB2E161C34CE000023A9F8 /* copyconstructor.cpp in Sources */ = {isa = PBXBuildFile; fileRef = 5BBB2E141C34CE000023A9F8 /* copyconstructor.cpp */; };
		5BBB2E181C3519B80023A9F8 /* copyConstrTwo.cpp in Sources */ = {isa = PBXBuildFile; fileRef = 5BBB2E171C3519B80023A9F8 /* copyConstrTwo.cpp */; };
/* End PBXBuildFile section */

/* Begin PBXCopyFilesBuildPhase section */
		5B3BBEE21C3377F5000D1605 /* CopyFiles */ = {
			isa = PBXCopyFilesBuildPhase;
			buildActionMask = 2147483647;
			dstPath = /usr/share/man/man1/;
			dstSubfolderSpec = 0;
			files = (
			);
			runOnlyForDeploymentPostprocessing = 1;
		};
/* End PBXCopyFilesBuildPhase section */

/* Begin PBXFileReference section */
		5B3BBEE41C3377F6000D1605 /* cppProject */ = {isa = PBXFileReference; explicitFileType = "compiled.mach-o.executable"; includeInIndex = 0; path = cppProject; sourceTree = BUILT_PRODUCTS_DIR; };
		5B3BBEE71C3377F6000D1605 /* main.cpp */ = {isa = PBXFileReference; lastKnownFileType = sourcecode.cpp.cpp; path = main.cpp; sourceTree = "<group>"; };
		5BBB2E141C34CE000023A9F8 /* copyconstructor.cpp */ = {isa = PBXFileReference; fileEncoding = 4; lastKnownFileType = sourcecode.cpp.cpp; path = copyconstructor.cpp; sourceTree = "<group>"; };
		5BBB2E151C34CE000023A9F8 /* copyconstructor.hpp */ = {isa = PBXFileReference; fileEncoding = 4; lastKnownFileType = sourcecode.cpp.h; path = copyconstructor.hpp; sourceTree = "<group>"; };
		5BBB2E171C3519B80023A9F8 /* copyConstrTwo.cpp */ = {isa = PBXFileReference; fileEncoding = 4; lastKnownFileType = sourcecode.cpp.cpp; path = copyConstrTwo.cpp; sourceTree = "<group>"; };
/* End PBXFileReference section */

/* Begin PBXFrameworksBuildPhase section */
		5B3BBEE11C3377F5000D1605 /* Frameworks */ = {
			isa = PBXFrameworksBuildPhase;
			buildActionMask = 2147483647;
			files = (
			);
			runOnlyForDeploymentPostprocessing = 0;
		};
/* End PBXFrameworksBuildPhase section */

/* Begin PBXGroup section */
		5B3BBEDB1C3377F5000D1605 = {
			isa = PBXGroup;
			children = (
				5B3BBEE61C3377F6000D1605 /* cppProject */,
				5B3BBEE51C3377F6000D1605 /* Products */,
			);
			sourceTree = "<group>";
		};
		5B3BBEE51C3377F6000D1605 /* Products */ = {
			isa = PBXGroup;
			children = (
				5B3BBEE41C3377F6000D1605 /* cppProject */,
			);
			name = Products;
			sourceTree = "<group>";
		};
		5B3BBEE61C3377F6000D1605 /* cppProject */ = {
			isa = PBXGroup;
			children = (
				5B3BBEE71C3377F6000D1605 /* main.cpp */,
				5BBB2E141C34CE000023A9F8 /* copyconstructor.cpp */,
				5BBB2E151C34CE000023A9F8 /* copyconstructor.hpp */,
				5BBB2E171C3519B80023A9F8 /* copyConstrTwo.cpp */,
			);
			path = cppProject;
			sourceTree = "<group>";
		};
/* End PBXGroup section */

/* Begin PBXNativeTarget section */
		5B3BBEE31C3377F5000D1605 /* cppProject */ = {
			isa = PBXNativeTarget;
			buildConfigurationList = 5B3BBEEB1C3377F6000D1605 /* Build configuration list for PBXNativeTarget "cppProject" */;
			buildPhases = (
				5B3BBEE01C3377F5000D1605 /* Sources */,
				5B3BBEE11C3377F5000D1605 /* Frameworks */,
				5B3BBEE21C3377F5000D1605 /* CopyFiles */,
			);
			buildRules = (
			);
			dependencies = (
			);
			name = cppProject;
			productName = cppProject;
			productReference = 5B3BBEE41C3377F6000D1605 /* cppProject */;
			productType = "com.apple.product-type.tool";
		};
/* End PBXNativeTarget section */

/* Begin PBXProject section */
		5B3BBEDC1C3377F5000D1605 /* Project object */ = {
			isa = PBXProject;
			attributes = {
				LastUpgradeCheck = 0710;
				ORGANIZATIONNAME = Hua;
				TargetAttributes = {
					5B3BBEE31C3377F5000D1605 = {
						CreatedOnToolsVersion = 7.1.1;
					};
				};
			};
			buildConfigurationList = 5B3BBEDF1C3377F5000D1605 /* Build configuration list for PBXProject "cppProject" */;
			compatibilityVersion = "Xcode 3.2";
			developmentRegion = English;
			hasScannedForEncodings = 0;
			knownRegions = (
				en,
			);
			mainGroup = 5B3BBEDB1C3377F5000D1605;
			productRefGroup = 5B3BBEE51C3377F6000D1605 /* Products */;
			projectDirPath = "";
			projectRoot = "";
			targets = (
				5B3BBEE31C3377F5000D1605 /* cppProject */,
			);
		};
/* End PBXProject section */

/* Begin PBXSourcesBuildPhase section */
		5B3BBEE01C3377F5000D1605 /* Sources */ = {
			isa = PBXSourcesBuildPhase;
			buildActionMask = 2147483647;
			files = (
				5BBB2E181C3519B80023A9F8 /* copyConstrTwo.cpp in Sources */,
				5B3BBEE81C3377F6000D1605 /* main.cpp in Sources */,
				5BBB2E161C34CE000023A9F8 /* copyconstructor.cpp in Sources */,
			);
			runOnlyForDeploymentPostprocessing = 0;
		};
/* End PBXSourcesBuildPhase section */

/* Begin XCBuildConfiguration section */
		5B3BBEE91C3377F6000D1605 /* Debug */ = {
			isa = XCBuildConfiguration;
			buildSettings = {
				ALWAYS_SEARCH_USER_PATHS = NO;
				CLANG_CXX_LANGUAGE_STANDARD = "gnu++0x";
				CLANG_CXX_LIBRARY = "libc++";
				CLANG_ENABLE_MODULES = YES;
				CLANG_ENABLE_OBJC_ARC = YES;
				CLANG_WARN_BOOL_CONVERSION = YES;
				CLANG_WARN_CONSTANT_CONVERSION = YES;
				CLANG_WARN_DIRECT_OBJC_ISA_USAGE = YES_ERROR;
				CLANG_WARN_EMPTY_BODY = YES;
				CLANG_WARN_ENUM_CONVERSION = YES;
				CLANG_WARN_INT_CONVERSION = YES;
				CLANG_WARN_OBJC_ROOT_CLASS = YES_ERROR;
				CLANG_WARN_UNREACHABLE_CODE = YES;
				CLANG_WARN__DUPLICATE_METHOD_MATCH = YES;
				CODE_SIGN_IDENTITY = "-";
				COPY_PHASE_STRIP = NO;
				DEBUG_INFORMATION_FORMAT = dwarf;
				ENABLE_STRICT_OBJC_MSGSEND = YES;
				ENABLE_TESTABILITY = YES;
				GCC_C_LANGUAGE_STANDARD = gnu99;
				GCC_DYNAMIC_NO_PIC = NO;
				GCC_NO_COMMON_BLOCKS = YES;
				GCC_OPTIMIZATION_LEVEL = 0;
				GCC_PREPROCESSOR_DEFINITIONS = (
					"DEBUG=1",
					"$(inherited)",
				);
				GCC_WARN_64_TO_32_BIT_CONVERSION = YES;
				GCC_WARN_ABOUT_RETURN_TYPE = YES_ERROR;
				GCC_WARN_UNDECLARED_SELECTOR = YES;
				GCC_WARN_UNINITIALIZED_AUTOS = YES_AGGRESSIVE;
				GCC_WARN_UNUSED_FUNCTION = YES;
				GCC_WARN_UNUSED_VARIABLE = YES;
				MACOSX_DEPLOYMENT_TARGET = 10.11;
				MTL_ENABLE_DEBUG_INFO = YES;
				ONLY_ACTIVE_ARCH = YES;
				SDKROOT = macosx;
			};
			name = Debug;
		};
		5B3BBEEA1C3377F6000D1605 /* Release */ = {
			isa = XCBuildConfiguration;
			buildSettings = {
				ALWAYS_SEARCH_USER_PATHS = NO;
				CLANG_CXX_LANGUAGE_STANDARD = "gnu++0x";
				CLANG_CXX_LIBRARY = "libc++";
				CLANG_ENABLE_MODULES = YES;
				CLANG_ENABLE_OBJC_ARC = YES;
				CLANG_WARN_BOOL_CONVERSION = YES;
				CLANG_WARN_CONSTANT_CONVERSION = YES;
				CLANG_WARN_DIRECT_OBJC_ISA_USAGE = YES_ERROR;
				CLANG_WARN_EMPTY_BODY = YES;
				CLANG_WARN_ENUM_CONVERSION = YES;
				CLANG_WARN_INT_CONVERSION = YES;
				CLANG_WARN_OBJC_ROOT_CLASS = YES_ERROR;
				CLANG_WARN_UNREACHABLE_CODE = YES;
				CLANG_WARN__DUPLICATE_METHOD_MATCH = YES;
				CODE_SIGN_IDENTITY = "-";
				COPY_PHASE_STRIP = NO;
				DEBUG_INFORMATION_FORMAT = "dwarf-with-dsym";
				ENABLE_NS_ASSERTIONS = NO;
				ENABLE_STRICT_OBJC_MSGSEND = YES;
				GCC_C_LANGUAGE_STANDARD = gnu99;
				GCC_NO_COMMON_BLOCKS = YES;
				GCC_WARN_64_TO_32_BIT_CONVERSION = YES;
				GCC_WARN_ABOUT_RETURN_TYPE = YES_ERROR;
				GCC_WARN_UNDECLARED_SELECTOR = YES;
				GCC_WARN_UNINITIALIZED_AUTOS = YES_AGGRESSIVE;
				GCC_WARN_UNUSED_FUNCTION = YES;
				GCC_WARN_UNUSED_VARIABLE = YES;
				MACOSX_DEPLOYMENT_TARGET = 10.11;
				MTL_ENABLE_DEBUG_INFO = NO;
				SDKROOT = macosx;
			};
			name = Release;
		};
		5B3BBEEC1C3377F6000D1605 /* Debug */ = {
			isa = XCBuildConfiguration;
			buildSettings = {
				PRODUCT_NAME = "$(TARGET_NAME)";
			};
			name = Debug;
		};
		5B3BBEED1C3377F6000D1605 /* Release */ = {
			isa = XCBuildConfiguration;
			buildSettings = {
				PRODUCT_NAME = "$(TARGET_NAME)";
			};
			name = Release;
		};
/* End XCBuildConfiguration section */

/* Begin XCConfigurationList section */
		5B3BBEDF1C3377F5000D1605 /* Build configuration list for PBXProject "cppProject" */ = {
			isa = XCConfigurationList;
			buildConfigurations = (
				5B3BBEE91C3377F6000D1605 /* Debug */,
				5B3BBEEA1C3377F6000D1605 /* Release */,
			);
			defaultConfigurationIsVisible = 0;
			defaultConfigurationName = Release;
		};
		5B3BBEEB1C3377F6000D1605 /* Build configuration list for PBXNativeTarget "cppProject" */ = {
			isa = XCConfigurationList;
			buildConfigurations = (
				5B3BBEEC1C3377F6000D1605 /* Debug */,
				5B3BBEED1C3377F6000D1605 /* Release */,
			);
			defaultConfigurationIsVisible = 0;
			defaultConfigurationName = Release;
		};
/* End XCConfigurationList section */
	};
	rootObject = 5B3BBEDC1C3377F5000D1605 /* Project object */;
}
